
Microsoft Visual Studio Solution File, Format Version 12.00
# Visual Studio Version 17
VisualStudioVersion = 17.5.002.0
MinimumVisualStudioVersion = 10.0.40219.1
Project("{9A19103F-16F7-4668-BE54-9A1E7A4F7556}") = "curvature", "curvature.csproj", "{52CC14FC-AD0B-4B14-A892-F86BFD7D3D4F}"
EndProject
Global
	GlobalSection(SolutionConfigurationPlatforms) = preSolution
		Debug|Any CPU = Debug|Any CPU
		Release|Any CPU = Release|Any CPU
	EndGlobalSection
	GlobalSection(ProjectConfigurationPlatforms) = postSolution
		{52CC14FC-AD0B-4B14-A892-F86BFD7D3D4F}.Debug|Any CPU.ActiveCfg = Debug|Any CPU
		{52CC14FC-AD0B-4B14-A892-F86BFD7D3D4F}.Debug|Any CPU.Build.0 = Debug|Any CPU
		{52CC14FC-AD0B-4B14-A892-F86BFD7D3D4F}.Release|Any CPU.ActiveCfg = Release|Any CPU
		{52CC14FC-AD0B-4B14-A892-F86BFD7D3D4F}.Release|Any CPU.Build.0 = Release|Any CPU
	EndGlobalSection
	GlobalSection(SolutionProperties) = preSolution
		HideSolutionNode = FALSE
	EndGlobalSection
	GlobalSection(ExtensibilityGlobals) = postSolution
		SolutionGuid = {0FF2E98B-22E8-4390-AE99-FE16EE5156D9}
	EndGlobalSection
EndGlobal
